
Microsoft Visual Studio Solution File, Format Version 12.00
# Visual Studio Version 17
VisualStudioVersion = 17.9.34723.18
MinimumVisualStudioVersion = 10.0.40219.1
Project("{9A19103F-16F7-4668-BE54-9A1E7A4F7556}") = "TowerDefenceGame", "TowerDefenceGame.csproj", "{65DFC6C2-407B-4BAD-B4F7-5FCBFF4FAE52}"
EndProject
Project("{FAE04EC0-301F-11D3-BF4B-00C04F79EFBC}") = "WinFormForTD", "..\WinFormForTD\WinFormForTD.csproj", "{A313985F-E4DD-4FEA-859F-3DD0F0A20C0C}"
EndProject
Global
	GlobalSection(SolutionConfigurationPlatforms) = preSolution
		Debug|Any CPU = Debug|Any CPU
		Release|Any CPU = Release|Any CPU
	EndGlobalSection
	GlobalSection(ProjectConfigurationPlatforms) = postSolution
		{65DFC6C2-407B-4BAD-B4F7-5FCBFF4FAE52}.Debug|Any CPU.ActiveCfg = Debug|Any CPU
		{65DFC6C2-407B-4BAD-B4F7-5FCBFF4FAE52}.Debug|Any CPU.Build.0 = Debug|Any CPU
		{65DFC6C2-407B-4BAD-B4F7-5FCBFF4FAE52}.Release|Any CPU.ActiveCfg = Release|Any CPU
		{65DFC6C2-407B-4BAD-B4F7-5FCBFF4FAE52}.Release|Any CPU.Build.0 = Release|Any CPU
		{A313985F-E4DD-4FEA-859F-3DD0F0A20C0C}.Debug|Any CPU.ActiveCfg = Debug|Any CPU
		{A313985F-E4DD-4FEA-859F-3DD0F0A20C0C}.Debug|Any CPU.Build.0 = Debug|Any CPU
		{A313985F-E4DD-4FEA-859F-3DD0F0A20C0C}.Release|Any CPU.ActiveCfg = Release|Any CPU
		{A313985F-E4DD-4FEA-859F-3DD0F0A20C0C}.Release|Any CPU.Build.0 = Release|Any CPU
	EndGlobalSection
	GlobalSection(SolutionProperties) = preSolution
		HideSolutionNode = FALSE
	EndGlobalSection
	GlobalSection(ExtensibilityGlobals) = postSolution
		SolutionGuid = {09661715-2859-406D-93F2-B02316CCF544}
	EndGlobalSection
EndGlobal
